// !$*UTF8*$!
{
	archiveVersion = 1;
	classes = {
	};
	objectVersion = 56;
	objects = {

/* Begin PBXBuildFile section */
		6A4EB30229546C73008AC2AB /* MoonshotApp.swift in Sources */ = {isa = PBXBuildFile; fileRef = 6A4EB30129546C73008AC2AB /* MoonshotApp.swift */; };
		6A4EB30429546C73008AC2AB /* ContentView.swift in Sources */ = {isa = PBXBuildFile; fileRef = 6A4EB30329546C73008AC2AB /* ContentView.swift */; };
		6A4EB30629546C74008AC2AB /* Assets.xcassets in Resources */ = {isa = PBXBuildFile; fileRef = 6A4EB30529546C74008AC2AB /* Assets.xcassets */; };
		6A4EB30929546C74008AC2AB /* Preview Assets.xcassets in Resources */ = {isa = PBXBuildFile; fileRef = 6A4EB30829546C74008AC2AB /* Preview Assets.xcassets */; };
		6A4EB31229546FF5008AC2AB /* ScrollDemoView.swift in Sources */ = {isa = PBXBuildFile; fileRef = 6A4EB31129546FF5008AC2AB /* ScrollDemoView.swift */; };
		6A6B88CE29557605005D01B4 /* GridDemoView.swift in Sources */ = {isa = PBXBuildFile; fileRef = 6A6B88CD29557605005D01B4 /* GridDemoView.swift */; };
		6A6B88D229557816005D01B4 /* astronauts.json in Resources */ = {isa = PBXBuildFile; fileRef = 6A6B88D029557816005D01B4 /* astronauts.json */; };
		6A6B88D329557816005D01B4 /* missions.json in Resources */ = {isa = PBXBuildFile; fileRef = 6A6B88D129557816005D01B4 /* missions.json */; };
		6A6B88D5295578BE005D01B4 /* Astronaut.swift in Sources */ = {isa = PBXBuildFile; fileRef = 6A6B88D4295578BE005D01B4 /* Astronaut.swift */; };
		6A6B88D829557991005D01B4 /* Bundle+Extensions.swift in Sources */ = {isa = PBXBuildFile; fileRef = 6A6B88D729557991005D01B4 /* Bundle+Extensions.swift */; };
		6A8ECCEF29598C300067F4A0 /* Mission.swift in Sources */ = {isa = PBXBuildFile; fileRef = 6A8ECCEE29598C300067F4A0 /* Mission.swift */; };
		6A8ECCF629598E480067F4A0 /* BaseViewModel.swift in Sources */ = {isa = PBXBuildFile; fileRef = 6A8ECCF529598E480067F4A0 /* BaseViewModel.swift */; };
		6A8ECCFA295994B60067F4A0 /* MissionListViewModel.swift in Sources */ = {isa = PBXBuildFile; fileRef = 6A8ECCF9295994B60067F4A0 /* MissionListViewModel.swift */; };
		6A8ECCFC295994BF0067F4A0 /* MissionListView.swift in Sources */ = {isa = PBXBuildFile; fileRef = 6A8ECCFB295994BF0067F4A0 /* MissionListView.swift */; };
		6A8ECCFE29599DCF0067F4A0 /* Color+Extensions.swift in Sources */ = {isa = PBXBuildFile; fileRef = 6A8ECCFD29599DCF0067F4A0 /* Color+Extensions.swift */; };
		6A8ECD012959A1A50067F4A0 /* MissionDetailViewModel.swift in Sources */ = {isa = PBXBuildFile; fileRef = 6A8ECD002959A1A50067F4A0 /* MissionDetailViewModel.swift */; };
		6A8ECD032959A1AE0067F4A0 /* MissionDetailView.swift in Sources */ = {isa = PBXBuildFile; fileRef = 6A8ECD022959A1AE0067F4A0 /* MissionDetailView.swift */; };
		6A8ECD062959B21B0067F4A0 /* AstronautDetailView.swift in Sources */ = {isa = PBXBuildFile; fileRef = 6A8ECD052959B21B0067F4A0 /* AstronautDetailView.swift */; };
		6A8ECD082959B2490067F4A0 /* AstronautDetailViewModel.swift in Sources */ = {isa = PBXBuildFile; fileRef = 6A8ECD072959B2490067F4A0 /* AstronautDetailViewModel.swift */; };
		6A8ECD0A2959B4A50067F4A0 /* CrewMember.swift in Sources */ = {isa = PBXBuildFile; fileRef = 6A8ECD092959B4A50067F4A0 /* CrewMember.swift */; };
/* End PBXBuildFile section */

/* Begin PBXFileReference section */
		6A4EB2FE29546C73008AC2AB /* Moonshot.app */ = {isa = PBXFileReference; explicitFileType = wrapper.application; includeInIndex = 0; path = Moonshot.app; sourceTree = BUILT_PRODUCTS_DIR; };
		6A4EB30129546C73008AC2AB /* MoonshotApp.swift */ = {isa = PBXFileReference; lastKnownFileType = sourcecode.swift; path = MoonshotApp.swift; sourceTree = "<group>"; };
		6A4EB30329546C73008AC2AB /* ContentView.swift */ = {isa = PBXFileReference; lastKnownFileType = sourcecode.swift; path = ContentView.swift; sourceTree = "<group>"; };
		6A4EB30529546C74008AC2AB /* Assets.xcassets */ = {isa = PBXFileReference; lastKnownFileType = folder.assetcatalog; path = Assets.xcassets; sourceTree = "<group>"; };
		6A4EB30829546C74008AC2AB /* Preview Assets.xcassets */ = {isa = PBXFileReference; lastKnownFileType = folder.assetcatalog; path = "Preview Assets.xcassets"; sourceTree = "<group>"; };
		6A4EB31129546FF5008AC2AB /* ScrollDemoView.swift */ = {isa = PBXFileReference; lastKnownFileType = sourcecode.swift; path = ScrollDemoView.swift; sourceTree = "<group>"; };
		6A6B88CD29557605005D01B4 /* GridDemoView.swift */ = {isa = PBXFileReference; lastKnownFileType = sourcecode.swift; path = GridDemoView.swift; sourceTree = "<group>"; };
		6A6B88D029557816005D01B4 /* astronauts.json */ = {isa = PBXFileReference; fileEncoding = 4; lastKnownFileType = text.json; path = astronauts.json; sourceTree = "<group>"; };
		6A6B88D129557816005D01B4 /* missions.json */ = {isa = PBXFileReference; fileEncoding = 4; lastKnownFileType = text.json; path = missions.json; sourceTree = "<group>"; };
		6A6B88D4295578BE005D01B4 /* Astronaut.swift */ = {isa = PBXFileReference; lastKnownFileType = sourcecode.swift; path = Astronaut.swift; sourceTree = "<group>"; };
		6A6B88D729557991005D01B4 /* Bundle+Extensions.swift */ = {isa = PBXFileReference; lastKnownFileType = sourcecode.swift; path = "Bundle+Extensions.swift"; sourceTree = "<group>"; };
		6A8ECCEE29598C300067F4A0 /* Mission.swift */ = {isa = PBXFileReference; lastKnownFileType = sourcecode.swift; path = Mission.swift; sourceTree = "<group>"; };
		6A8ECCF529598E480067F4A0 /* BaseViewModel.swift */ = {isa = PBXFileReference; fileEncoding = 4; lastKnownFileType = sourcecode.swift; path = BaseViewModel.swift; sourceTree = "<group>"; };
		6A8ECCF9295994B60067F4A0 /* MissionListViewModel.swift */ = {isa = PBXFileReference; lastKnownFileType = sourcecode.swift; path = MissionListViewModel.swift; sourceTree = "<group>"; };
		6A8ECCFB295994BF0067F4A0 /* MissionListView.swift */ = {isa = PBXFileReference; lastKnownFileType = sourcecode.swift; path = MissionListView.swift; sourceTree = "<group>"; };
		6A8ECCFD29599DCF0067F4A0 /* Color+Extensions.swift */ = {isa = PBXFileReference; lastKnownFileType = sourcecode.swift; path = "Color+Extensions.swift"; sourceTree = "<group>"; };
		6A8ECD002959A1A50067F4A0 /* MissionDetailViewModel.swift */ = {isa = PBXFileReference; lastKnownFileType = sourcecode.swift; path = MissionDetailViewModel.swift; sourceTree = "<group>"; };
		6A8ECD022959A1AE0067F4A0 /* MissionDetailView.swift */ = {isa = PBXFileReference; lastKnownFileType = sourcecode.swift; path = MissionDetailView.swift; sourceTree = "<group>"; };
		6A8ECD052959B21B0067F4A0 /* AstronautDetailView.swift */ = {isa = PBXFileReference; lastKnownFileType = sourcecode.swift; path = AstronautDetailView.swift; sourceTree = "<group>"; };
		6A8ECD072959B2490067F4A0 /* AstronautDetailViewModel.swift */ = {isa = PBXFileReference; lastKnownFileType = sourcecode.swift; path = AstronautDetailViewModel.swift; sourceTree = "<group>"; };
		6A8ECD092959B4A50067F4A0 /* CrewMember.swift */ = {isa = PBXFileReference; lastKnownFileType = sourcecode.swift; path = CrewMember.swift; sourceTree = "<group>"; };
/* End PBXFileReference section */

/* Begin PBXFrameworksBuildPhase section */
		6A4EB2FB29546C73008AC2AB /* Frameworks */ = {
			isa = PBXFrameworksBuildPhase;
			buildActionMask = 2147483647;
			files = (
			);
			runOnlyForDeploymentPostprocessing = 0;
		};
/* End PBXFrameworksBuildPhase section */

/* Begin PBXGroup section */
		6A4EB2F529546C73008AC2AB = {
			isa = PBXGroup;
			children = (
				6A4EB30029546C73008AC2AB /* Moonshot */,
				6A4EB2FF29546C73008AC2AB /* Products */,
			);
			sourceTree = "<group>";
		};
		6A4EB2FF29546C73008AC2AB /* Products */ = {
			isa = PBXGroup;
			children = (
				6A4EB2FE29546C73008AC2AB /* Moonshot.app */,
			);
			name = Products;
			sourceTree = "<group>";
		};
		6A4EB30029546C73008AC2AB /* Moonshot */ = {
			isa = PBXGroup;
			children = (
				6A6B88CF29557807005D01B4 /* Resources */,
				6A6B88D629557970005D01B4 /* Extensions */,
				6A8ECCF429598E3F0067F4A0 /* Base */,
				6A6B88DE2955823A005D01B4 /* Models */,
				6A4EB30F29546FDF008AC2AB /* Modules */,
				6A4EB30129546C73008AC2AB /* MoonshotApp.swift */,
				6A4EB30529546C74008AC2AB /* Assets.xcassets */,
				6A4EB30729546C74008AC2AB /* Preview Content */,
				6A4EB31029546FE7008AC2AB /* Testing */,
			);
			path = Moonshot;
			sourceTree = "<group>";
		};
		6A4EB30729546C74008AC2AB /* Preview Content */ = {
			isa = PBXGroup;
			children = (
				6A4EB30829546C74008AC2AB /* Preview Assets.xcassets */,
			);
			path = "Preview Content";
			sourceTree = "<group>";
		};
		6A4EB30F29546FDF008AC2AB /* Modules */ = {
			isa = PBXGroup;
			children = (
				6A8ECCF8295994A90067F4A0 /* MissionList */,
				6A8ECCFF2959A16E0067F4A0 /* MissionDetail */,
				6A8ECD042959B1FF0067F4A0 /* AstronautDetail */,
			);
			path = Modules;
			sourceTree = "<group>";
		};
		6A4EB31029546FE7008AC2AB /* Testing */ = {
			isa = PBXGroup;
			children = (
				6A4EB30329546C73008AC2AB /* ContentView.swift */,
				6A4EB31129546FF5008AC2AB /* ScrollDemoView.swift */,
				6A6B88CD29557605005D01B4 /* GridDemoView.swift */,
			);
			path = Testing;
			sourceTree = "<group>";
		};
		6A6B88CF29557807005D01B4 /* Resources */ = {
			isa = PBXGroup;
			children = (
				6A6B88D029557816005D01B4 /* astronauts.json */,
				6A6B88D129557816005D01B4 /* missions.json */,
			);
			path = Resources;
			sourceTree = "<group>";
		};
		6A6B88D629557970005D01B4 /* Extensions */ = {
			isa = PBXGroup;
			children = (
				6A6B88D729557991005D01B4 /* Bundle+Extensions.swift */,
				6A8ECCFD29599DCF0067F4A0 /* Color+Extensions.swift */,
			);
			path = Extensions;
			sourceTree = "<group>";
		};
		6A6B88DE2955823A005D01B4 /* Models */ = {
			isa = PBXGroup;
			children = (
				6A8ECCEE29598C300067F4A0 /* Mission.swift */,
				6A6B88D4295578BE005D01B4 /* Astronaut.swift */,
				6A8ECD092959B4A50067F4A0 /* CrewMember.swift */,
			);
			path = Models;
			sourceTree = "<group>";
		};
		6A8ECCF429598E3F0067F4A0 /* Base */ = {
			isa = PBXGroup;
			children = (
				6A8ECCF529598E480067F4A0 /* BaseViewModel.swift */,
			);
			path = Base;
			sourceTree = "<group>";
		};
		6A8ECCF8295994A90067F4A0 /* MissionList */ = {
			isa = PBXGroup;
			children = (
				6A8ECCF9295994B60067F4A0 /* MissionListViewModel.swift */,
				6A8ECCFB295994BF0067F4A0 /* MissionListView.swift */,
			);
			path = MissionList;
			sourceTree = "<group>";
		};
		6A8ECCFF2959A16E0067F4A0 /* MissionDetail */ = {
			isa = PBXGroup;
			children = (
				6A8ECD002959A1A50067F4A0 /* MissionDetailViewModel.swift */,
				6A8ECD022959A1AE0067F4A0 /* MissionDetailView.swift */,
			);
			path = MissionDetail;
			sourceTree = "<group>";
		};
		6A8ECD042959B1FF0067F4A0 /* AstronautDetail */ = {
			isa = PBXGroup;
			children = (
				6A8ECD052959B21B0067F4A0 /* AstronautDetailView.swift */,
				6A8ECD072959B2490067F4A0 /* AstronautDetailViewModel.swift */,
			);
			path = AstronautDetail;
			sourceTree = "<group>";
		};
/* End PBXGroup section */

/* Begin PBXNativeTarget section */
		6A4EB2FD29546C73008AC2AB /* Moonshot */ = {
			isa = PBXNativeTarget;
			buildConfigurationList = 6A4EB30C29546C74008AC2AB /* Build configuration list for PBXNativeTarget "Moonshot" */;
			buildPhases = (
				6A4EB2FA29546C73008AC2AB /* Sources */,
				6A4EB2FB29546C73008AC2AB /* Frameworks */,
				6A4EB2FC29546C73008AC2AB /* Resources */,
			);
			buildRules = (
			);
			dependencies = (
			);
			name = Moonshot;
			productName = Moonshot;
			productReference = 6A4EB2FE29546C73008AC2AB /* Moonshot.app */;
			productType = "com.apple.product-type.application";
		};
/* End PBXNativeTarget section */

/* Begin PBXProject section */
		6A4EB2F629546C73008AC2AB /* Project object */ = {
			isa = PBXProject;
			attributes = {
				BuildIndependentTargetsInParallel = 1;
				LastSwiftUpdateCheck = 1410;
				LastUpgradeCheck = 1410;
				TargetAttributes = {
					6A4EB2FD29546C73008AC2AB = {
						CreatedOnToolsVersion = 14.1;
					};
				};
			};
			buildConfigurationList = 6A4EB2F929546C73008AC2AB /* Build configuration list for PBXProject "Moonshot" */;
			compatibilityVersion = "Xcode 14.0";
			developmentRegion = en;
			hasScannedForEncodings = 0;
			knownRegions = (
				en,
				Base,
			);
			mainGroup = 6A4EB2F529546C73008AC2AB;
			productRefGroup = 6A4EB2FF29546C73008AC2AB /* Products */;
			projectDirPath = "";
			projectRoot = "";
			targets = (
				6A4EB2FD29546C73008AC2AB /* Moonshot */,
			);
		};
/* End PBXProject section */

/* Begin PBXResourcesBuildPhase section */
		6A4EB2FC29546C73008AC2AB /* Resources */ = {
			isa = PBXResourcesBuildPhase;
			buildActionMask = 2147483647;
			files = (
				6A6B88D229557816005D01B4 /* astronauts.json in Resources */,
				6A4EB30929546C74008AC2AB /* Preview Assets.xcassets in Resources */,
				6A6B88D329557816005D01B4 /* missions.json in Resources */,
				6A4EB30629546C74008AC2AB /* Assets.xcassets in Resources */,
			);
			runOnlyForDeploymentPostprocessing = 0;
		};
/* End PBXResourcesBuildPhase section */

/* Begin PBXSourcesBuildPhase section */
		6A4EB2FA29546C73008AC2AB /* Sources */ = {
			isa = PBXSourcesBuildPhase;
			buildActionMask = 2147483647;
			files = (
				6A4EB30429546C73008AC2AB /* ContentView.swift in Sources */,
				6A8ECD082959B2490067F4A0 /* AstronautDetailViewModel.swift in Sources */,
				6A8ECCF629598E480067F4A0 /* BaseViewModel.swift in Sources */,
				6A4EB31229546FF5008AC2AB /* ScrollDemoView.swift in Sources */,
				6A8ECD0A2959B4A50067F4A0 /* CrewMember.swift in Sources */,
				6A8ECD032959A1AE0067F4A0 /* MissionDetailView.swift in Sources */,
				6A6B88D5295578BE005D01B4 /* Astronaut.swift in Sources */,
				6A8ECD062959B21B0067F4A0 /* AstronautDetailView.swift in Sources */,
				6A8ECCFC295994BF0067F4A0 /* MissionListView.swift in Sources */,
				6A6B88D829557991005D01B4 /* Bundle+Extensions.swift in Sources */,
				6A8ECCFE29599DCF0067F4A0 /* Color+Extensions.swift in Sources */,
				6A4EB30229546C73008AC2AB /* MoonshotApp.swift in Sources */,
				6A8ECCEF29598C300067F4A0 /* Mission.swift in Sources */,
				6A8ECCFA295994B60067F4A0 /* MissionListViewModel.swift in Sources */,
				6A6B88CE29557605005D01B4 /* GridDemoView.swift in Sources */,
				6A8ECD012959A1A50067F4A0 /* MissionDetailViewModel.swift in Sources */,
			);
			runOnlyForDeploymentPostprocessing = 0;
		};
/* End PBXSourcesBuildPhase section */

/* Begin XCBuildConfiguration section */
		6A4EB30A29546C74008AC2AB /* Debug */ = {
			isa = XCBuildConfiguration;
			buildSettings = {
				ALWAYS_SEARCH_USER_PATHS = NO;
				CLANG_ANALYZER_NONNULL = YES;
				CLANG_ANALYZER_NUMBER_OBJECT_CONVERSION = YES_AGGRESSIVE;
				CLANG_CXX_LANGUAGE_STANDARD = "gnu++20";
				CLANG_ENABLE_MODULES = YES;
				CLANG_ENABLE_OBJC_ARC = YES;
				CLANG_ENABLE_OBJC_WEAK = YES;
				CLANG_WARN_BLOCK_CAPTURE_AUTORELEASING = YES;
				CLANG_WARN_BOOL_CONVERSION = YES;
				CLANG_WARN_COMMA = YES;
				CLANG_WARN_CONSTANT_CONVERSION = YES;
				CLANG_WARN_DEPRECATED_OBJC_IMPLEMENTATIONS = YES;
				CLANG_WARN_DIRECT_OBJC_ISA_USAGE = YES_ERROR;
				CLANG_WARN_DOCUMENTATION_COMMENTS = YES;
				CLANG_WARN_EMPTY_BODY = YES;
				CLANG_WARN_ENUM_CONVERSION = YES;
				CLANG_WARN_INFINITE_RECURSION = YES;
				CLANG_WARN_INT_CONVERSION = YES;
				CLANG_WARN_NON_LITERAL_NULL_CONVERSION = YES;
				CLANG_WARN_OBJC_IMPLICIT_RETAIN_SELF = YES;
				CLANG_WARN_OBJC_LITERAL_CONVERSION = YES;
				CLANG_WARN_OBJC_ROOT_CLASS = YES_ERROR;
				CLANG_WARN_QUOTED_INCLUDE_IN_FRAMEWORK_HEADER = YES;
				CLANG_WARN_RANGE_LOOP_ANALYSIS = YES;
				CLANG_WARN_STRICT_PROTOTYPES = YES;
				CLANG_WARN_SUSPICIOUS_MOVE = YES;
				CLANG_WARN_UNGUARDED_AVAILABILITY = YES_AGGRESSIVE;
				CLANG_WARN_UNREACHABLE_CODE = YES;
				CLANG_WARN__DUPLICATE_METHOD_MATCH = YES;
				COPY_PHASE_STRIP = NO;
				DEBUG_INFORMATION_FORMAT = dwarf;
				ENABLE_STRICT_OBJC_MSGSEND = YES;
				ENABLE_TESTABILITY = YES;
				GCC_C_LANGUAGE_STANDARD = gnu11;
				GCC_DYNAMIC_NO_PIC = NO;
				GCC_NO_COMMON_BLOCKS = YES;
				GCC_OPTIMIZATION_LEVEL = 0;
				GCC_PREPROCESSOR_DEFINITIONS = (
					"DEBUG=1",
					"$(inherited)",
				);
				GCC_WARN_64_TO_32_BIT_CONVERSION = YES;
				GCC_WARN_ABOUT_RETURN_TYPE = YES_ERROR;
				GCC_WARN_UNDECLARED_SELECTOR = YES;
				GCC_WARN_UNINITIALIZED_AUTOS = YES_AGGRESSIVE;
				GCC_WARN_UNUSED_FUNCTION = YES;
				GCC_WARN_UNUSED_VARIABLE = YES;
				IPHONEOS_DEPLOYMENT_TARGET = 16.1;
				MTL_ENABLE_DEBUG_INFO = INCLUDE_SOURCE;
				MTL_FAST_MATH = YES;
				ONLY_ACTIVE_ARCH = YES;
				SDKROOT = iphoneos;
				SWIFT_ACTIVE_COMPILATION_CONDITIONS = DEBUG;
				SWIFT_OPTIMIZATION_LEVEL = "-Onone";
			};
			name = Debug;
		};
		6A4EB30B29546C74008AC2AB /* Release */ = {
			isa = XCBuildConfiguration;
			buildSettings = {
				ALWAYS_SEARCH_USER_PATHS = NO;
				CLANG_ANALYZER_NONNULL = YES;
				CLANG_ANALYZER_NUMBER_OBJECT_CONVERSION = YES_AGGRESSIVE;
				CLANG_CXX_LANGUAGE_STANDARD = "gnu++20";
				CLANG_ENABLE_MODULES = YES;
				CLANG_ENABLE_OBJC_ARC = YES;
				CLANG_ENABLE_OBJC_WEAK = YES;
				CLANG_WARN_BLOCK_CAPTURE_AUTORELEASING = YES;
				CLANG_WARN_BOOL_CONVERSION = YES;
				CLANG_WARN_COMMA = YES;
				CLANG_WARN_CONSTANT_CONVERSION = YES;
				CLANG_WARN_DEPRECATED_OBJC_IMPLEMENTATIONS = YES;
				CLANG_WARN_DIRECT_OBJC_ISA_USAGE = YES_ERROR;
				CLANG_WARN_DOCUMENTATION_COMMENTS = YES;
				CLANG_WARN_EMPTY_BODY = YES;
				CLANG_WARN_ENUM_CONVERSION = YES;
				CLANG_WARN_INFINITE_RECURSION = YES;
				CLANG_WARN_INT_CONVERSION = YES;
				CLANG_WARN_NON_LITERAL_NULL_CONVERSION = YES;
				CLANG_WARN_OBJC_IMPLICIT_RETAIN_SELF = YES;
				CLANG_WARN_OBJC_LITERAL_CONVERSION = YES;
				CLANG_WARN_OBJC_ROOT_CLASS = YES_ERROR;
				CLANG_WARN_QUOTED_INCLUDE_IN_FRAMEWORK_HEADER = YES;
				CLANG_WARN_RANGE_LOOP_ANALYSIS = YES;
				CLANG_WARN_STRICT_PROTOTYPES = YES;
				CLANG_WARN_SUSPICIOUS_MOVE = YES;
				CLANG_WARN_UNGUARDED_AVAILABILITY = YES_AGGRESSIVE;
				CLANG_WARN_UNREACHABLE_CODE = YES;
				CLANG_WARN__DUPLICATE_METHOD_MATCH = YES;
				COPY_PHASE_STRIP = NO;
				DEBUG_INFORMATION_FORMAT = "dwarf-with-dsym";
				ENABLE_NS_ASSERTIONS = NO;
				ENABLE_STRICT_OBJC_MSGSEND = YES;
				GCC_C_LANGUAGE_STANDARD = gnu11;
				GCC_NO_COMMON_BLOCKS = YES;
				GCC_WARN_64_TO_32_BIT_CONVERSION = YES;
				GCC_WARN_ABOUT_RETURN_TYPE = YES_ERROR;
				GCC_WARN_UNDECLARED_SELECTOR = YES;
				GCC_WARN_UNINITIALIZED_AUTOS = YES_AGGRESSIVE;
				GCC_WARN_UNUSED_FUNCTION = YES;
				GCC_WARN_UNUSED_VARIABLE = YES;
				IPHONEOS_DEPLOYMENT_TARGET = 16.1;
				MTL_ENABLE_DEBUG_INFO = NO;
				MTL_FAST_MATH = YES;
				SDKROOT = iphoneos;
				SWIFT_COMPILATION_MODE = wholemodule;
				SWIFT_OPTIMIZATION_LEVEL = "-O";
				VALIDATE_PRODUCT = YES;
			};
			name = Release;
		};
		6A4EB30D29546C74008AC2AB /* Debug */ = {
			isa = XCBuildConfiguration;
			buildSettings = {
				ASSETCATALOG_COMPILER_APPICON_NAME = AppIcon;
				ASSETCATALOG_COMPILER_GLOBAL_ACCENT_COLOR_NAME = AccentColor;
				CODE_SIGN_STYLE = Automatic;
				CURRENT_PROJECT_VERSION = 1;
				DEVELOPMENT_ASSET_PATHS = "\"Moonshot/Preview Content\"";
				ENABLE_PREVIEWS = YES;
				GENERATE_INFOPLIST_FILE = YES;
				INFOPLIST_KEY_UIApplicationSceneManifest_Generation = YES;
				INFOPLIST_KEY_UIApplicationSupportsIndirectInputEvents = YES;
				INFOPLIST_KEY_UILaunchScreen_Generation = YES;
				INFOPLIST_KEY_UISupportedInterfaceOrientations_iPad = "UIInterfaceOrientationPortrait UIInterfaceOrientationPortraitUpsideDown UIInterfaceOrientationLandscapeLeft UIInterfaceOrientationLandscapeRight";
				INFOPLIST_KEY_UISupportedInterfaceOrientations_iPhone = "UIInterfaceOrientationPortrait UIInterfaceOrientationLandscapeLeft UIInterfaceOrientationLandscapeRight";
				LD_RUNPATH_SEARCH_PATHS = (
					"$(inherited)",
					"@executable_path/Frameworks",
				);
				MARKETING_VERSION = 1.0;
				PRODUCT_BUNDLE_IDENTIFIER = com.ebpearls.Moonshot;
				PRODUCT_NAME = "$(TARGET_NAME)";
				SWIFT_EMIT_LOC_STRINGS = YES;
				SWIFT_VERSION = 5.0;
				TARGETED_DEVICE_FAMILY = "1,2";
			};
			name = Debug;
		};
		6A4EB30E29546C74008AC2AB /* Release */ = {
			isa = XCBuildConfiguration;
			buildSettings = {
				ASSETCATALOG_COMPILER_APPICON_NAME = AppIcon;
				ASSETCATALOG_COMPILER_GLOBAL_ACCENT_COLOR_NAME = AccentColor;
				CODE_SIGN_STYLE = Automatic;
				CURRENT_PROJECT_VERSION = 1;
				DEVELOPMENT_ASSET_PATHS = "\"Moonshot/Preview Content\"";
				ENABLE_PREVIEWS = YES;
				GENERATE_INFOPLIST_FILE = YES;
				INFOPLIST_KEY_UIApplicationSceneManifest_Generation = YES;
				INFOPLIST_KEY_UIApplicationSupportsIndirectInputEvents = YES;
				INFOPLIST_KEY_UILaunchScreen_Generation = YES;
				INFOPLIST_KEY_UISupportedInterfaceOrientations_iPad = "UIInterfaceOrientationPortrait UIInterfaceOrientationPortraitUpsideDown UIInterfaceOrientationLandscapeLeft UIInterfaceOrientationLandscapeRight";
				INFOPLIST_KEY_UISupportedInterfaceOrientations_iPhone = "UIInterfaceOrientationPortrait UIInterfaceOrientationLandscapeLeft UIInterfaceOrientationLandscapeRight";
				LD_RUNPATH_SEARCH_PATHS = (
					"$(inherited)",
					"@executable_path/Frameworks",
				);
				MARKETING_VERSION = 1.0;
				PRODUCT_BUNDLE_IDENTIFIER = com.ebpearls.Moonshot;
				PRODUCT_NAME = "$(TARGET_NAME)";
				SWIFT_EMIT_LOC_STRINGS = YES;
				SWIFT_VERSION = 5.0;
				TARGETED_DEVICE_FAMILY = "1,2";
			};
			name = Release;
		};
/* End XCBuildConfiguration section */

/* Begin XCConfigurationList section */
		6A4EB2F929546C73008AC2AB /* Build configuration list for PBXProject "Moonshot" */ = {
			isa = XCConfigurationList;
			buildConfigurations = (
				6A4EB30A29546C74008AC2AB /* Debug */,
				6A4EB30B29546C74008AC2AB /* Release */,
			);
			defaultConfigurationIsVisible = 0;
			defaultConfigurationName = Release;
		};
		6A4EB30C29546C74008AC2AB /* Build configuration list for PBXNativeTarget "Moonshot" */ = {
			isa = XCConfigurationList;
			buildConfigurations = (
				6A4EB30D29546C74008AC2AB /* Debug */,
				6A4EB30E29546C74008AC2AB /* Release */,
			);
			defaultConfigurationIsVisible = 0;
			defaultConfigurationName = Release;
		};
/* End XCConfigurationList section */
	};
	rootObject = 6A4EB2F629546C73008AC2AB /* Project object */;
}
